
Microsoft Visual Studio Solution File, Format Version 11.00
# Visual Studio 2010
Project("{2150E333-8FDC-42A3-9474-1A3956D46DE8}") = "StateMachine", "StateMachine", "{A16C933E-08D1-426C-A4E1-C0707CA9B9FF}"
EndProject
Project("{FAE04EC0-301F-11D3-BF4B-00C04F79EFBC}") = "STATEMACHINE.DOMAIN", "STATEMACHINE.DOMAIN\STATEMACHINE.DOMAIN.csproj", "{20C1EA2B-EF90-4C62-B3D8-2A79A3D18BD7}"
EndProject
Project("{FAE04EC0-301F-11D3-BF4B-00C04F79EFBC}") = "STATEMACHINE.SKELETON", "STATEMACHINE.SKELETON\STATEMACHINE.SKELETON.csproj", "{0CCF3450-E6D2-41C3-A861-DBB34EE16C2D}"
EndProject
Project("{2150E333-8FDC-42A3-9474-1A3956D46DE8}") = "Workflow", "Workflow", "{28719504-B6D7-46C9-9756-1A82F4790289}"
EndProject
Project("{FAE04EC0-301F-11D3-BF4B-00C04F79EFBC}") = "WORKFLOW.DOMAIN", "WORKFLOW.DOMAIN\WORKFLOW.DOMAIN.csproj", "{3CD2AF7A-A4CF-4209-9A4A-AB554597D622}"
EndProject
Project("{FAE04EC0-301F-11D3-BF4B-00C04F79EFBC}") = "WORKFLOW.TESTS", "WORKFLOW.TESTS\WORKFLOW.TESTS.csproj", "{5EEBAE57-455D-4A53-B08E-575F2C2656B9}"
EndProject
Project("{FAE04EC0-301F-11D3-BF4B-00C04F79EFBC}") = "WORKFLOW.SKELETON", "WORKFLOW.SKELETON\WORKFLOW.SKELETON.csproj", "{F48D862A-A666-422E-945F-7ED7B36ECBB2}"
EndProject
Project("{FAE04EC0-301F-11D3-BF4B-00C04F79EFBC}") = "STATEMACHINE.TESTS", "STATEMACHINE.TESTS\STATEMACHINE.TESTS.csproj", "{90621BA8-4E1D-43F4-A7BD-9F446F1E8B3A}"
EndProject
Project("{FAE04EC0-301F-11D3-BF4B-00C04F79EFBC}") = "USERINTERFACE", "USERINTERFACE\USERINTERFACE.csproj", "{D0B24896-6A87-405B-AEE8-9A15B5F5D22C}"
EndProject
Global
	GlobalSection(TeamFoundationVersionControl) = preSolution
		SccNumberOfProjects = 8
		SccEnterpriseProvider = {4CA58AB2-18FA-4F8D-95D4-32DDF27D184C}
		SccTeamFoundationServer = http://jbctfa01:8080/tfs/defaultcollection
		SccLocalPath0 = .
		SccProjectUniqueName1 = STATEMACHINE.DOMAIN\\STATEMACHINE.DOMAIN.csproj
		SccProjectTopLevelParentUniqueName1 = STORMPROJECT.sln
		SccProjectName1 = STATEMACHINE.DOMAIN
		SccLocalPath1 = STATEMACHINE.DOMAIN
		SccProjectUniqueName2 = STATEMACHINE.SKELETON\\STATEMACHINE.SKELETON.csproj
		SccProjectTopLevelParentUniqueName2 = STORMPROJECT.sln
		SccProjectName2 = STATEMACHINE.SKELETON
		SccLocalPath2 = STATEMACHINE.SKELETON
		SccProjectUniqueName3 = WORKFLOW.DOMAIN\\WORKFLOW.DOMAIN.csproj
		SccProjectTopLevelParentUniqueName3 = STORMPROJECT.sln
		SccProjectName3 = WORKFLOW.DOMAIN
		SccLocalPath3 = WORKFLOW.DOMAIN
		SccProjectUniqueName4 = WORKFLOW.TESTS\\WORKFLOW.TESTS.csproj
		SccProjectTopLevelParentUniqueName4 = STORMPROJECT.sln
		SccProjectName4 = WORKFLOW.TESTS
		SccLocalPath4 = WORKFLOW.TESTS
		SccProjectUniqueName5 = WORKFLOW.SKELETON\\WORKFLOW.SKELETON.csproj
		SccProjectTopLevelParentUniqueName5 = STORMPROJECT.sln
		SccProjectName5 = WORKFLOW.SKELETON
		SccLocalPath5 = WORKFLOW.SKELETON
		SccProjectUniqueName6 = STATEMACHINE.TESTS\\STATEMACHINE.TESTS.csproj
		SccProjectTopLevelParentUniqueName6 = STORMPROJECT.sln
		SccProjectName6 = STATEMACHINE.TESTS
		SccLocalPath6 = STATEMACHINE.TESTS
		SccProjectUniqueName7 = USERINTERFACE\\USERINTERFACE.csproj
		SccProjectName7 = USERINTERFACE
		SccLocalPath7 = USERINTERFACE
	EndGlobalSection
	GlobalSection(SolutionConfigurationPlatforms) = preSolution
		Debug|Any CPU = Debug|Any CPU
		Release|Any CPU = Release|Any CPU
	EndGlobalSection
	GlobalSection(ProjectConfigurationPlatforms) = postSolution
		{20C1EA2B-EF90-4C62-B3D8-2A79A3D18BD7}.Debug|Any CPU.ActiveCfg = Debug|Any CPU
		{20C1EA2B-EF90-4C62-B3D8-2A79A3D18BD7}.Debug|Any CPU.Build.0 = Debug|Any CPU
		{20C1EA2B-EF90-4C62-B3D8-2A79A3D18BD7}.Release|Any CPU.ActiveCfg = Release|Any CPU
		{20C1EA2B-EF90-4C62-B3D8-2A79A3D18BD7}.Release|Any CPU.Build.0 = Release|Any CPU
		{0CCF3450-E6D2-41C3-A861-DBB34EE16C2D}.Debug|Any CPU.ActiveCfg = Debug|Any CPU
		{0CCF3450-E6D2-41C3-A861-DBB34EE16C2D}.Debug|Any CPU.Build.0 = Debug|Any CPU
		{0CCF3450-E6D2-41C3-A861-DBB34EE16C2D}.Release|Any CPU.ActiveCfg = Release|Any CPU
		{0CCF3450-E6D2-41C3-A861-DBB34EE16C2D}.Release|Any CPU.Build.0 = Release|Any CPU
		{3CD2AF7A-A4CF-4209-9A4A-AB554597D622}.Debug|Any CPU.ActiveCfg = Debug|Any CPU
		{3CD2AF7A-A4CF-4209-9A4A-AB554597D622}.Debug|Any CPU.Build.0 = Debug|Any CPU
		{3CD2AF7A-A4CF-4209-9A4A-AB554597D622}.Release|Any CPU.ActiveCfg = Release|Any CPU
		{3CD2AF7A-A4CF-4209-9A4A-AB554597D622}.Release|Any CPU.Build.0 = Release|Any CPU
		{5EEBAE57-455D-4A53-B08E-575F2C2656B9}.Debug|Any CPU.ActiveCfg = Debug|Any CPU
		{5EEBAE57-455D-4A53-B08E-575F2C2656B9}.Debug|Any CPU.Build.0 = Debug|Any CPU
		{5EEBAE57-455D-4A53-B08E-575F2C2656B9}.Release|Any CPU.ActiveCfg = Release|Any CPU
		{5EEBAE57-455D-4A53-B08E-575F2C2656B9}.Release|Any CPU.Build.0 = Release|Any CPU
		{F48D862A-A666-422E-945F-7ED7B36ECBB2}.Debug|Any CPU.ActiveCfg = Debug|Any CPU
		{F48D862A-A666-422E-945F-7ED7B36ECBB2}.Debug|Any CPU.Build.0 = Debug|Any CPU
		{F48D862A-A666-422E-945F-7ED7B36ECBB2}.Release|Any CPU.ActiveCfg = Release|Any CPU
		{F48D862A-A666-422E-945F-7ED7B36ECBB2}.Release|Any CPU.Build.0 = Release|Any CPU
		{90621BA8-4E1D-43F4-A7BD-9F446F1E8B3A}.Debug|Any CPU.ActiveCfg = Debug|Any CPU
		{90621BA8-4E1D-43F4-A7BD-9F446F1E8B3A}.Debug|Any CPU.Build.0 = Debug|Any CPU
		{90621BA8-4E1D-43F4-A7BD-9F446F1E8B3A}.Release|Any CPU.ActiveCfg = Release|Any CPU
		{90621BA8-4E1D-43F4-A7BD-9F446F1E8B3A}.Release|Any CPU.Build.0 = Release|Any CPU
		{D0B24896-6A87-405B-AEE8-9A15B5F5D22C}.Debug|Any CPU.ActiveCfg = Debug|Any CPU
		{D0B24896-6A87-405B-AEE8-9A15B5F5D22C}.Debug|Any CPU.Build.0 = Debug|Any CPU
		{D0B24896-6A87-405B-AEE8-9A15B5F5D22C}.Release|Any CPU.ActiveCfg = Release|Any CPU
		{D0B24896-6A87-405B-AEE8-9A15B5F5D22C}.Release|Any CPU.Build.0 = Release|Any CPU
	EndGlobalSection
	GlobalSection(SolutionProperties) = preSolution
		HideSolutionNode = FALSE
	EndGlobalSection
	GlobalSection(NestedProjects) = preSolution
		{20C1EA2B-EF90-4C62-B3D8-2A79A3D18BD7} = {A16C933E-08D1-426C-A4E1-C0707CA9B9FF}
		{0CCF3450-E6D2-41C3-A861-DBB34EE16C2D} = {A16C933E-08D1-426C-A4E1-C0707CA9B9FF}
		{90621BA8-4E1D-43F4-A7BD-9F446F1E8B3A} = {A16C933E-08D1-426C-A4E1-C0707CA9B9FF}
		{3CD2AF7A-A4CF-4209-9A4A-AB554597D622} = {28719504-B6D7-46C9-9756-1A82F4790289}
		{5EEBAE57-455D-4A53-B08E-575F2C2656B9} = {28719504-B6D7-46C9-9756-1A82F4790289}
		{F48D862A-A666-422E-945F-7ED7B36ECBB2} = {28719504-B6D7-46C9-9756-1A82F4790289}
	EndGlobalSection
EndGlobal
